
Microsoft Visual Studio Solution File, Format Version 12.00
# Visual Studio Version 17
VisualStudioVersion = 17.0.31903.59
MinimumVisualStudioVersion = 10.0.40219.1
Project("{FAE04EC0-301F-11D3-BF4B-00C04F79EFBC}") = "SharedKernel", "SharedKernel\SharedKernel.csproj", "{E3ECCA60-2CC6-4E46-9131-49C311D4D2BA}"
EndProject
Project("{2150E333-8FDC-42A3-9474-1A3956D46DE8}") = "RecipeManagement", "RecipeManagement", "{0443A6BA-8AD7-499B-AA9F-FCA990DACFAB}"
EndProject
Project("{2150E333-8FDC-42A3-9474-1A3956D46DE8}") = "src", "src", "{B07485F2-A197-48D5-980E-DD18D456F1A4}"
EndProject
Project("{FAE04EC0-301F-11D3-BF4B-00C04F79EFBC}") = "RecipeManagement", "RecipeManagement\src\RecipeManagement\RecipeManagement.csproj", "{756D6845-6F7F-4327-A8FF-A0A7A70E386E}"
EndProject
Project("{2150E333-8FDC-42A3-9474-1A3956D46DE8}") = "tests", "tests", "{FE73E151-D316-4820-8E9B-B6F14E0B05DB}"
EndProject
Project("{FAE04EC0-301F-11D3-BF4B-00C04F79EFBC}") = "RecipeManagement.IntegrationTests", "RecipeManagement\tests\RecipeManagement.IntegrationTests\RecipeManagement.IntegrationTests.csproj", "{FE09409D-F6F9-4BAB-ACCD-B4942347489F}"
EndProject
Project("{FAE04EC0-301F-11D3-BF4B-00C04F79EFBC}") = "RecipeManagement.FunctionalTests", "RecipeManagement\tests\RecipeManagement.FunctionalTests\RecipeManagement.FunctionalTests.csproj", "{3FC22059-1D88-4C61-BA6A-F55500320972}"
EndProject
Project("{FAE04EC0-301F-11D3-BF4B-00C04F79EFBC}") = "RecipeManagement.SharedTestHelpers", "RecipeManagement\tests\RecipeManagement.SharedTestHelpers\RecipeManagement.SharedTestHelpers.csproj", "{D3F30D9D-1609-48C1-BEC0-77B12368E09D}"
EndProject
Project("{FAE04EC0-301F-11D3-BF4B-00C04F79EFBC}") = "RecipeManagement.UnitTests", "RecipeManagement\tests\RecipeManagement.UnitTests\RecipeManagement.UnitTests.csproj", "{1EB42B2D-3AFD-4D31-B385-AABB5FA65D60}"
EndProject
Project("{FAE04EC0-301F-11D3-BF4B-00C04F79EFBC}") = "KeycloakPulumi", "KeycloakPulumi\KeycloakPulumi.csproj", "{C24C0017-D103-4C08-9874-3BDF4319545D}"
EndProject
Global
	GlobalSection(SolutionConfigurationPlatforms) = preSolution
		Debug|Any CPU = Debug|Any CPU
		Release|Any CPU = Release|Any CPU
	EndGlobalSection
	GlobalSection(SolutionProperties) = preSolution
		HideSolutionNode = FALSE
	EndGlobalSection
	GlobalSection(ProjectConfigurationPlatforms) = postSolution
		{E3ECCA60-2CC6-4E46-9131-49C311D4D2BA}.Debug|Any CPU.ActiveCfg = Debug|Any CPU
		{E3ECCA60-2CC6-4E46-9131-49C311D4D2BA}.Debug|Any CPU.Build.0 = Debug|Any CPU
		{E3ECCA60-2CC6-4E46-9131-49C311D4D2BA}.Release|Any CPU.ActiveCfg = Release|Any CPU
		{E3ECCA60-2CC6-4E46-9131-49C311D4D2BA}.Release|Any CPU.Build.0 = Release|Any CPU
		{756D6845-6F7F-4327-A8FF-A0A7A70E386E}.Debug|Any CPU.ActiveCfg = Debug|Any CPU
		{756D6845-6F7F-4327-A8FF-A0A7A70E386E}.Debug|Any CPU.Build.0 = Debug|Any CPU
		{756D6845-6F7F-4327-A8FF-A0A7A70E386E}.Release|Any CPU.ActiveCfg = Release|Any CPU
		{756D6845-6F7F-4327-A8FF-A0A7A70E386E}.Release|Any CPU.Build.0 = Release|Any CPU
		{FE09409D-F6F9-4BAB-ACCD-B4942347489F}.Debug|Any CPU.ActiveCfg = Debug|Any CPU
		{FE09409D-F6F9-4BAB-ACCD-B4942347489F}.Debug|Any CPU.Build.0 = Debug|Any CPU
		{FE09409D-F6F9-4BAB-ACCD-B4942347489F}.Release|Any CPU.ActiveCfg = Release|Any CPU
		{FE09409D-F6F9-4BAB-ACCD-B4942347489F}.Release|Any CPU.Build.0 = Release|Any CPU
		{3FC22059-1D88-4C61-BA6A-F55500320972}.Debug|Any CPU.ActiveCfg = Debug|Any CPU
		{3FC22059-1D88-4C61-BA6A-F55500320972}.Debug|Any CPU.Build.0 = Debug|Any CPU
		{3FC22059-1D88-4C61-BA6A-F55500320972}.Release|Any CPU.ActiveCfg = Release|Any CPU
		{3FC22059-1D88-4C61-BA6A-F55500320972}.Release|Any CPU.Build.0 = Release|Any CPU
		{D3F30D9D-1609-48C1-BEC0-77B12368E09D}.Debug|Any CPU.ActiveCfg = Debug|Any CPU
		{D3F30D9D-1609-48C1-BEC0-77B12368E09D}.Debug|Any CPU.Build.0 = Debug|Any CPU
		{D3F30D9D-1609-48C1-BEC0-77B12368E09D}.Release|Any CPU.ActiveCfg = Release|Any CPU
		{D3F30D9D-1609-48C1-BEC0-77B12368E09D}.Release|Any CPU.Build.0 = Release|Any CPU
		{1EB42B2D-3AFD-4D31-B385-AABB5FA65D60}.Debug|Any CPU.ActiveCfg = Debug|Any CPU
		{1EB42B2D-3AFD-4D31-B385-AABB5FA65D60}.Debug|Any CPU.Build.0 = Debug|Any CPU
		{1EB42B2D-3AFD-4D31-B385-AABB5FA65D60}.Release|Any CPU.ActiveCfg = Release|Any CPU
		{1EB42B2D-3AFD-4D31-B385-AABB5FA65D60}.Release|Any CPU.Build.0 = Release|Any CPU
		{C24C0017-D103-4C08-9874-3BDF4319545D}.Debug|Any CPU.ActiveCfg = Debug|Any CPU
		{C24C0017-D103-4C08-9874-3BDF4319545D}.Debug|Any CPU.Build.0 = Debug|Any CPU
		{C24C0017-D103-4C08-9874-3BDF4319545D}.Release|Any CPU.ActiveCfg = Release|Any CPU
		{C24C0017-D103-4C08-9874-3BDF4319545D}.Release|Any CPU.Build.0 = Release|Any CPU
	EndGlobalSection
	GlobalSection(NestedProjects) = preSolution
		{B07485F2-A197-48D5-980E-DD18D456F1A4} = {0443A6BA-8AD7-499B-AA9F-FCA990DACFAB}
		{756D6845-6F7F-4327-A8FF-A0A7A70E386E} = {B07485F2-A197-48D5-980E-DD18D456F1A4}
		{FE73E151-D316-4820-8E9B-B6F14E0B05DB} = {0443A6BA-8AD7-499B-AA9F-FCA990DACFAB}
		{FE09409D-F6F9-4BAB-ACCD-B4942347489F} = {FE73E151-D316-4820-8E9B-B6F14E0B05DB}
		{3FC22059-1D88-4C61-BA6A-F55500320972} = {FE73E151-D316-4820-8E9B-B6F14E0B05DB}
		{D3F30D9D-1609-48C1-BEC0-77B12368E09D} = {FE73E151-D316-4820-8E9B-B6F14E0B05DB}
		{1EB42B2D-3AFD-4D31-B385-AABB5FA65D60} = {FE73E151-D316-4820-8E9B-B6F14E0B05DB}
	EndGlobalSection
EndGlobal
